
Microsoft Visual Studio Solution File, Format Version 12.00
# Visual Studio 15
VisualStudioVersion = 15.0.28307.705
MinimumVisualStudioVersion = 10.0.40219.1
Project("{FAE04EC0-301F-11D3-BF4B-00C04F79EFBC}") = "MG.Swappable.Dictionary", "MG.Swappable.Dictionary\MG.Swappable.Dictionary.csproj", "{83903474-8C7C-49D0-9C5E-46A812E881B9}"
EndProject
Global
	GlobalSection(SolutionConfigurationPlatforms) = preSolution
		Debug|Any CPU = Debug|Any CPU
		Release|Any CPU = Release|Any CPU
	EndGlobalSection
	GlobalSection(ProjectConfigurationPlatforms) = postSolution
		{83903474-8C7C-49D0-9C5E-46A812E881B9}.Debug|Any CPU.ActiveCfg = Debug|Any CPU
		{83903474-8C7C-49D0-9C5E-46A812E881B9}.Debug|Any CPU.Build.0 = Debug|Any CPU
		{83903474-8C7C-49D0-9C5E-46A812E881B9}.Release|Any CPU.ActiveCfg = Release|Any CPU
		{83903474-8C7C-49D0-9C5E-46A812E881B9}.Release|Any CPU.Build.0 = Release|Any CPU
	EndGlobalSection
	GlobalSection(SolutionProperties) = preSolution
		HideSolutionNode = FALSE
	EndGlobalSection
	GlobalSection(ExtensibilityGlobals) = postSolution
		SolutionGuid = {1E1B5392-C480-42D0-AA60-C4D4D4ECC0E1}
	EndGlobalSection
EndGlobal
